Microsoft Visual Studio Solution File, Format Version 11.00
# Visual Studio 2008

Project("{286ABDB1-4061-CD85-4EF1-38DDDA7E4726}") = "PaintAPanda", "Assembly-CSharp.csproj", "{95117296-E95F-2D3F-A6EF-830954A1BD87}"
EndProject
Global
	GlobalSection(SolutionConfigurationPlatforms) = preSolution
		Debug|Any CPU = Debug|Any CPU
		Release|Any CPU = Release|Any CPU
	EndGlobalSection
	GlobalSection(ProjectConfigurationPlatforms) = postSolution
		{95117296-E95F-2D3F-A6EF-830954A1BD87}.Debug|Any CPU.ActiveCfg = Debug|Any CPU
		{95117296-E95F-2D3F-A6EF-830954A1BD87}.Debug|Any CPU.Build.0 = Debug|Any CPU
		{95117296-E95F-2D3F-A6EF-830954A1BD87}.Release|Any CPU.ActiveCfg = Release|Any CPU
		{95117296-E95F-2D3F-A6EF-830954A1BD87}.Release|Any CPU.Build.0 = Release|Any CPU
	EndGlobalSection
	GlobalSection(SolutionProperties) = preSolution
		HideSolutionNode = FALSE
	EndGlobalSection
	GlobalSection(MonoDevelopProperties) = preSolution
		StartupItem = Assembly-CSharp.csproj
	EndGlobalSection
EndGlobal
